
Microsoft Visual Studio Solution File, Format Version 12.00
# Visual Studio Version 17
VisualStudioVersion = 17.11.35312.102
MinimumVisualStudioVersion = 10.0.40219.1
Project("{FAE04EC0-301F-11D3-BF4B-00C04F79EFBC}") = "MetaquotesHomework", "MetaquotesHomework\MetaquotesHomework.csproj", "{4C15D4E5-1725-4D1E-B912-6729F4A9805E}"
EndProject
Project("{FAE04EC0-301F-11D3-BF4B-00C04F79EFBC}") = "MetaquotesHomework.Tests", "MetaquotesHomework.Tests\MetaquotesHomework.Tests.csproj", "{7C34A8BD-7E9B-4255-8529-70AD69032798}"
EndProject
Global
	GlobalSection(SolutionConfigurationPlatforms) = preSolution
		Debug|Any CPU = Debug|Any CPU
		Release|Any CPU = Release|Any CPU
	EndGlobalSection
	GlobalSection(ProjectConfigurationPlatforms) = postSolution
		{4C15D4E5-1725-4D1E-B912-6729F4A9805E}.Debug|Any CPU.ActiveCfg = Debug|Any CPU
		{4C15D4E5-1725-4D1E-B912-6729F4A9805E}.Debug|Any CPU.Build.0 = Debug|Any CPU
		{4C15D4E5-1725-4D1E-B912-6729F4A9805E}.Release|Any CPU.ActiveCfg = Release|Any CPU
		{4C15D4E5-1725-4D1E-B912-6729F4A9805E}.Release|Any CPU.Build.0 = Release|Any CPU
		{7C34A8BD-7E9B-4255-8529-70AD69032798}.Debug|Any CPU.ActiveCfg = Debug|Any CPU
		{7C34A8BD-7E9B-4255-8529-70AD69032798}.Debug|Any CPU.Build.0 = Debug|Any CPU
		{7C34A8BD-7E9B-4255-8529-70AD69032798}.Release|Any CPU.ActiveCfg = Release|Any CPU
		{7C34A8BD-7E9B-4255-8529-70AD69032798}.Release|Any CPU.Build.0 = Release|Any CPU
	EndGlobalSection
	GlobalSection(SolutionProperties) = preSolution
		HideSolutionNode = FALSE
	EndGlobalSection
	GlobalSection(ExtensibilityGlobals) = postSolution
		SolutionGuid = {6F848121-64C4-4098-A7D9-5B3030CE0B7B}
	EndGlobalSection
EndGlobal
